
Microsoft Visual Studio Solution File, Format Version 12.00
# Visual Studio Version 17
VisualStudioVersion = 17.12.35514.174 d17.12
MinimumVisualStudioVersion = 10.0.40219.1
Project("{FAE04EC0-301F-11D3-BF4B-00C04F79EFBC}") = "Lekce_10_HW", "Lekce_10_HW\Lekce_10_HW.csproj", "{3672E4B0-266B-4476-B62C-635434624281}"
EndProject
Global
	GlobalSection(SolutionConfigurationPlatforms) = preSolution
		Debug|Any CPU = Debug|Any CPU
		Release|Any CPU = Release|Any CPU
	EndGlobalSection
	GlobalSection(ProjectConfigurationPlatforms) = postSolution
		{3672E4B0-266B-4476-B62C-635434624281}.Debug|Any CPU.ActiveCfg = Debug|Any CPU
		{3672E4B0-266B-4476-B62C-635434624281}.Debug|Any CPU.Build.0 = Debug|Any CPU
		{3672E4B0-266B-4476-B62C-635434624281}.Release|Any CPU.ActiveCfg = Release|Any CPU
		{3672E4B0-266B-4476-B62C-635434624281}.Release|Any CPU.Build.0 = Release|Any CPU
	EndGlobalSection
	GlobalSection(SolutionProperties) = preSolution
		HideSolutionNode = FALSE
	EndGlobalSection
EndGlobal
